
Microsoft Visual Studio Solution File, Format Version 12.00
# Visual Studio Version 16
VisualStudioVersion = 25.0.1706.10
MinimumVisualStudioVersion = 10.0.40219.1
Project("{FAE04EC0-301F-11D3-BF4B-00C04F79EFBC}") = "25Abril", "25Abril\25Abril.csproj", "{05DB683E-1C8A-4972-BE01-D6FBE86C0537}"
EndProject
Global
	GlobalSection(SolutionConfigurationPlatforms) = preSolution
		Debug|Any CPU = Debug|Any CPU
		Release|Any CPU = Release|Any CPU
	EndGlobalSection
	GlobalSection(ProjectConfigurationPlatforms) = postSolution
		{05DB683E-1C8A-4972-BE01-D6FBE86C0537}.Debug|Any CPU.ActiveCfg = Debug|Any CPU
		{05DB683E-1C8A-4972-BE01-D6FBE86C0537}.Debug|Any CPU.Build.0 = Debug|Any CPU
		{05DB683E-1C8A-4972-BE01-D6FBE86C0537}.Release|Any CPU.ActiveCfg = Release|Any CPU
		{05DB683E-1C8A-4972-BE01-D6FBE86C0537}.Release|Any CPU.Build.0 = Release|Any CPU
	EndGlobalSection
	GlobalSection(SolutionProperties) = preSolution
		HideSolutionNode = FALSE
	EndGlobalSection
	GlobalSection(ExtensibilityGlobals) = postSolution
		SolutionGuid = {01700F0B-3460-4413-9C68-2FC6AB26E3E8}
	EndGlobalSection
EndGlobal
